
Microsoft Visual Studio Solution File, Format Version 12.00
Project("{FAE04EC0-301F-11D3-BF4B-00C04F79EFBC}") = "Plugable", "Plugable\Plugable.csproj", "{6790B01D-AC47-434B-B372-C39BFBD2FAD4}"
EndProject
Global
	GlobalSection(SolutionConfigurationPlatforms) = preSolution
		Debug|Any CPU = Debug|Any CPU
		Release|Any CPU = Release|Any CPU
	EndGlobalSection
	GlobalSection(ProjectConfigurationPlatforms) = postSolution
		{6790B01D-AC47-434B-B372-C39BFBD2FAD4}.Debug|Any CPU.ActiveCfg = Debug|Any CPU
		{6790B01D-AC47-434B-B372-C39BFBD2FAD4}.Debug|Any CPU.Build.0 = Debug|Any CPU
		{6790B01D-AC47-434B-B372-C39BFBD2FAD4}.Release|Any CPU.ActiveCfg = Release|Any CPU
		{6790B01D-AC47-434B-B372-C39BFBD2FAD4}.Release|Any CPU.Build.0 = Release|Any CPU
	EndGlobalSection
EndGlobal
